<Solution>
  <Folder Name="/SolutionFolder/">
    <File Path="BpMonitor.slnx" />
    <File Path="Directory.Build.props" />
    <File Path="Directory.Packages.props" />
    <File Path="dotnet-tools.json" />
  </Folder>
  <Folder Name="/TopLevelFiles/">
    <File Path="..\AGENTS.md" />
    <File Path="..\biome.json" />
    <File Path="..\bpmonitor.json" />
    <File Path="..\CHANGELOG.md" />
    <File Path="..\CLAUDE.md" />
    <File Path="..\CONTRIBUTING.md" />
    <File Path="..\dotnet-tools.json" />
    <File Path="..\LICENSE" />
    <File Path="..\mise.toml" />
    <File Path="..\README.md" />
    <File Path="..\renovate.json" />
    <File Path="..\TODOs.md" />
  </Folder>
  <Project Path="BpMonitor.Arch.Tests/BpMonitor.Arch.Tests.fsproj" />
  <Project Path="BpMonitor.Charts/BpMonitor.Charts.fsproj" />
  <Project Path="BpMonitor.Charts.Tests/BpMonitor.Charts.Tests.fsproj" />
  <Project Path="BpMonitor.Core.Tests/BpMonitor.Core.Tests.fsproj" />
  <Project Path="BpMonitor.Core/BpMonitor.Core.fsproj" />
  <Project Path="BpMonitor.Data/BpMonitor.Data.fsproj" />
  <Project Path="BpMonitor.Data.Tests/BpMonitor.Data.Tests.fsproj" />
  <Project Path="BpMonitor.Export/BpMonitor.Export.fsproj" />
  <Project Path="BpMonitor.Export.Tests/BpMonitor.Export.Tests.fsproj" />
  <Project Path="BpMonitor.Web/BpMonitor.Web.fsproj" />
  <Project Path="BpMonitor.Web.E2E.Tests/BpMonitor.Web.E2E.Tests.fsproj" />
  <Project Path="BpMonitor.Web.Tests/BpMonitor.Web.Tests.fsproj" />
</Solution>
