<Solution>
  <Folder Name="/Documentation/">
    <File Path="..\docs\architecture.md" />
    <File Path="..\docs\badges-branch.md" />
    <File Path="..\docs\install.md" />
    <File Path="..\docs\vision.md" />
  </Folder>
  <Folder Name="/Documentation/adr/">
    <File Path="..\docs\adr\0001-pwa-phone-client-spike.md" />
    <File Path="..\docs\adr\0002-mutation-testing-stryker-net.md" />
    <File Path="..\docs\adr\0003-web-ui-frontend.md" />
    <File Path="..\docs\adr\0004-sqlite-persistence.md" />
    <File Path="..\docs\adr\0005-multi-user-family-support.md" />
    <File Path="..\docs\adr\0006-per-member-authentication.md" />
  </Folder>
  <Folder Name="/Documentation/example-deploy/">
    <File Path="..\docs\example-deploy\bpmonitor-data.volume" />
    <File Path="..\docs\example-deploy\bpmonitor-web.container" />
    <File Path="..\docs\example-deploy\docker-compose.yml" />
    <File Path="..\docs\example-deploy\README.md" />
  </Folder>
  <Folder Name="/Documentation/resources/">
    <File Path="..\docs\resources\12911_2021_Article_1598.pdf" />
    <File Path="..\docs\resources\literature.md" />
  </Folder>
  <Folder Name="/SolutionFolder/">
    <File Path="BpMonitor.slnx" />
    <File Path="Directory.Build.props" />
    <File Path="Directory.Packages.props" />
    <File Path="dotnet-tools.json" />
  </Folder>
  <Folder Name="/TopLevelFiles/">
    <File Path="..\AGENTS.md" />
    <File Path="..\biome.json" />
    <File Path="..\bpmonitor.json" />
    <File Path="..\CHANGELOG.md" />
    <File Path="..\CLAUDE.md" />
    <File Path="..\CONTRIBUTING.md" />
    <File Path="..\dotnet-tools.json" />
    <File Path="..\LICENSE" />
    <File Path="..\mise.toml" />
    <File Path="..\README.md" />
    <File Path="..\renovate.json" />
    <File Path="..\TODOs.md" />
  </Folder>
  <Project Path="BpMonitor.Arch.Tests/BpMonitor.Arch.Tests.fsproj" />
  <Project Path="BpMonitor.Charts/BpMonitor.Charts.fsproj" />
  <Project Path="BpMonitor.Charts.Tests/BpMonitor.Charts.Tests.fsproj" />
  <Project Path="BpMonitor.Core.Tests/BpMonitor.Core.Tests.fsproj" />
  <Project Path="BpMonitor.Core/BpMonitor.Core.fsproj" />
  <Project Path="BpMonitor.Data/BpMonitor.Data.fsproj" />
  <Project Path="BpMonitor.Data.Tests/BpMonitor.Data.Tests.fsproj" />
  <Project Path="BpMonitor.Export/BpMonitor.Export.fsproj" />
  <Project Path="BpMonitor.Export.Tests/BpMonitor.Export.Tests.fsproj" />
  <Project Path="BpMonitor.TestSupport/BpMonitor.TestSupport.fsproj" />
  <Project Path="BpMonitor.Web/BpMonitor.Web.fsproj" />
  <Project Path="BpMonitor.Web.E2E.Tests/BpMonitor.Web.E2E.Tests.fsproj" />
  <Project Path="BpMonitor.Web.Tests/BpMonitor.Web.Tests.fsproj" />
</Solution>
